# This file is automatically @generated by Cargo.
# It is not intended for manual editing.
version = 3

[[package]]
name = "bytemuck"
version = "1.16.0"
source = "registry+https://github.com/rust-lang/crates.io-index"
checksum = "78834c15cb5d5efe3452d58b1e8ba890dd62d21907f867f383358198e56ebca5"

[[package]]
name = "byteorder"
version = "1.5.0"
source = "registry+https://github.com/rust-lang/crates.io-index"
checksum = "1fd0f2584146f6f2ef48085050886acf353beff7305ebd1ae69500e27c67f64b"

[[package]]
name = "graphster"
version = "0.0.0-a0"
dependencies = [
 "roaring",
]

[[package]]
name = "roaring"
version = "0.10.4"
source = "registry+https://github.com/rust-lang/crates.io-index"
checksum = "b26f4c25a604fcb3a1bcd96dd6ba37c93840de95de8198d94c0d571a74a804d1"
dependencies = [
 "bytemuck",
 "byteorder",
]
